<?xml version="1.0" encoding="utf-8"?>
<Project ToolsVersion="4.0" xmlns="http://schemas.microsoft.com/developer/msbuild/2003">
  <ItemGroup>
    <ClCompile Include="Main.cpp" />
    <ClCompile Include="Program.cpp" />
    <ClCompile Include="stdafx.cpp" />
    <ClCompile Include="Systems\D3D.cpp">
      <Filter>Systems</Filter>
    </ClCompile>
    <ClCompile Include="Systems\Window.cpp">
      <Filter>Systems</Filter>
    </ClCompile>
    <ClCompile Include="Viewer\Perspective.cpp">
      <Filter>Viewer</Filter>
    </ClCompile>
    <ClCompile Include="Viewer\Viewport.cpp">
      <Filter>Viewer</Filter>
    </ClCompile>
    <ClCompile Include="Renders\Shader.cpp">
      <Filter>Renders</Filter>
    </ClCompile>
    <ClCompile Include="Renders\States.cpp">
      <Filter>Renders</Filter>
    </ClCompile>
    <ClCompile Include="Renders\VertexLayouts.cpp">
      <Filter>Renders</Filter>
    </ClCompile>
    <ClCompile Include="Systems\Keyboard.cpp">
      <Filter>Systems</Filter>
    </ClCompile>
    <ClCompile Include="Systems\Mouse.cpp">
      <Filter>Systems</Filter>
    </ClCompile>
    <ClCompile Include="Systems\Time.cpp">
      <Filter>Systems</Filter>
    </ClCompile>
    <ClCompile Include="Executes\DrawTerrain.cpp">
      <Filter>Executes</Filter>
    </ClCompile>
    <ClCompile Include="Executes\ExeGui.cpp">
      <Filter>Executes</Filter>
    </ClCompile>
    <ClCompile Include="Viewer\FirstPerson.cpp">
      <Filter>Viewer</Filter>
    </ClCompile>
    <ClCompile Include="Viewer\Camera.cpp">
      <Filter>Viewer</Filter>
    </ClCompile>
    <ClCompile Include="Landscape\Data.cpp">
      <Filter>Landscape</Filter>
    </ClCompile>
    <ClCompile Include="Landscape\Terrain.cpp">
      <Filter>Landscape</Filter>
    </ClCompile>
    <ClCompile Include="Renders\Material.cpp">
      <Filter>Renders</Filter>
    </ClCompile>
    <ClCompile Include="Renders\Textures.cpp">
      <Filter>Renders</Filter>
    </ClCompile>
    <ClCompile Include="Utilities\Mesh.cpp">
      <Filter>Utilities</Filter>
    </ClCompile>
    <ClCompile Include="Utilities\Path.cpp">
      <Filter>Utilities</Filter>
    </ClCompile>
    <ClCompile Include="Utilities\String.cpp">
      <Filter>Utilities</Filter>
    </ClCompile>
    <ClCompile Include="Utilities\BinaryFile.cpp">
      <Filter>Utilities</Filter>
    </ClCompile>
    <ClCompile Include="Utilities\Math.cpp">
      <Filter>Utilities</Filter>
    </ClCompile>
    <ClCompile Include="Environment\Sky.cpp">
      <Filter>Environment</Filter>
    </ClCompile>
    <ClCompile Include="Executes\DrawEnvironment.cpp">
      <Filter>Executes</Filter>
    </ClCompile>
    <ClCompile Include="Model\MeshPart.cpp">
      <Filter>Model</Filter>
    </ClCompile>
    <ClCompile Include="Model\BinModel.cpp">
      <Filter>Model</Filter>
    </ClCompile>
    <ClCompile Include="Model\FbxData.cpp">
      <Filter>Model\Fbx</Filter>
    </ClCompile>
    <ClCompile Include="Model\FbxModel.cpp">
      <Filter>Model\Fbx</Filter>
    </ClCompile>
    <ClCompile Include="Model\FbxModels.cpp">
      <Filter>Model\Fbx</Filter>
    </ClCompile>
    <ClCompile Include="Model\FbxUtility.cpp">
      <Filter>Model\Fbx</Filter>
    </ClCompile>
    <ClCompile Include="Executes\DrawModel.cpp">
      <Filter>Executes</Filter>
    </ClCompile>
  </ItemGroup>
  <ItemGroup>
    <ClInclude Include="stdafx.h" />
    <ClInclude Include="Program.h" />
    <ClInclude Include="Executes\Execute.h">
      <Filter>Executes</Filter>
    </ClInclude>
    <ClInclude Include="Systems\D3D.h">
      <Filter>Systems</Filter>
    </ClInclude>
    <ClInclude Include="Systems\Window.h">
      <Filter>Systems</Filter>
    </ClInclude>
    <ClInclude Include="Viewer\Perspective.h">
      <Filter>Viewer</Filter>
    </ClInclude>
    <ClInclude Include="Viewer\Viewport.h">
      <Filter>Viewer</Filter>
    </ClInclude>
    <ClInclude Include="Renders\ShaderBuffer.h">
      <Filter>Renders</Filter>
    </ClInclude>
    <ClInclude Include="Renders\GlobalBuffers.h">
      <Filter>Renders</Filter>
    </ClInclude>
    <ClInclude Include="Renders\Shader.h">
      <Filter>Renders</Filter>
    </ClInclude>
    <ClInclude Include="Renders\States.h">
      <Filter>Renders</Filter>
    </ClInclude>
    <ClInclude Include="Renders\VertexLayouts.h">
      <Filter>Renders</Filter>
    </ClInclude>
    <ClInclude Include="Systems\Keyboard.h">
      <Filter>Systems</Filter>
    </ClInclude>
    <ClInclude Include="Systems\Mouse.h">
      <Filter>Systems</Filter>
    </ClInclude>
    <ClInclude Include="Systems\Time.h">
      <Filter>Systems</Filter>
    </ClInclude>
    <ClInclude Include="Executes\DrawTerrain.h">
      <Filter>Executes</Filter>
    </ClInclude>
    <ClInclude Include="Executes\ExeGui.h">
      <Filter>Executes</Filter>
    </ClInclude>
    <ClInclude Include="Executes\GuiSettings.h">
      <Filter>Executes</Filter>
    </ClInclude>
    <ClInclude Include="Viewer\FirstPerson.h">
      <Filter>Viewer</Filter>
    </ClInclude>
    <ClInclude Include="Viewer\Camera.h">
      <Filter>Viewer</Filter>
    </ClInclude>
    <ClInclude Include="Landscape\Data.h">
      <Filter>Landscape</Filter>
    </ClInclude>
    <ClInclude Include="Landscape\Terrain.h">
      <Filter>Landscape</Filter>
    </ClInclude>
    <ClInclude Include="Renders\Material.h">
      <Filter>Renders</Filter>
    </ClInclude>
    <ClInclude Include="Renders\Textures.h">
      <Filter>Renders</Filter>
    </ClInclude>
    <ClInclude Include="Utilities\Math.h">
      <Filter>Utilities</Filter>
    </ClInclude>
    <ClInclude Include="Utilities\Mesh.h">
      <Filter>Utilities</Filter>
    </ClInclude>
    <ClInclude Include="Utilities\Path.h">
      <Filter>Utilities</Filter>
    </ClInclude>
    <ClInclude Include="Utilities\String.h">
      <Filter>Utilities</Filter>
    </ClInclude>
    <ClInclude Include="Utilities\BinaryFile.h">
      <Filter>Utilities</Filter>
    </ClInclude>
    <ClInclude Include="Environment\Sky.h">
      <Filter>Environment</Filter>
    </ClInclude>
    <ClInclude Include="Executes\DrawEnvironment.h">
      <Filter>Executes</Filter>
    </ClInclude>
    <ClInclude Include="Model\MeshPart.h">
      <Filter>Model</Filter>
    </ClInclude>
    <ClInclude Include="Model\BinModel.h">
      <Filter>Model</Filter>
    </ClInclude>
    <ClInclude Include="Model\FbxData.h">
      <Filter>Model\Fbx</Filter>
    </ClInclude>
    <ClInclude Include="Model\FbxModel.h">
      <Filter>Model\Fbx</Filter>
    </ClInclude>
    <ClInclude Include="Model\FbxModels.h">
      <Filter>Model\Fbx</Filter>
    </ClInclude>
    <ClInclude Include="Model\FbxUtility.h">
      <Filter>Model\Fbx</Filter>
    </ClInclude>
    <ClInclude Include="Model\Component.h">
      <Filter>Model</Filter>
    </ClInclude>
    <ClInclude Include="Command\CommandDrawModel.h">
      <Filter>Command</Filter>
    </ClInclude>
    <ClInclude Include="Command\Command.h">
      <Filter>Command</Filter>
    </ClInclude>
    <ClInclude Include="Executes\DrawModel.h">
      <Filter>Executes</Filter>
    </ClInclude>
  </ItemGroup>
  <ItemGroup>
    <Filter Include="Executes">
      <UniqueIdentifier>{6694329b-0379-47b5-9684-3edd1db5e3d8}</UniqueIdentifier>
    </Filter>
    <Filter Include="Renders">
      <UniqueIdentifier>{7737fc26-6319-4f6f-acbd-f5ceb357d37c}</UniqueIdentifier>
    </Filter>
    <Filter Include="Viewer">
      <UniqueIdentifier>{44490c48-eec8-4c0a-960b-75946dff8533}</UniqueIdentifier>
    </Filter>
    <Filter Include="Systems">
      <UniqueIdentifier>{f265c005-b6e8-49bd-9daa-89a6951bb523}</UniqueIdentifier>
    </Filter>
    <Filter Include="Landscape">
      <UniqueIdentifier>{3fdce47d-dedf-4429-acd2-1d28d7f2c012}</UniqueIdentifier>
    </Filter>
    <Filter Include="Utilities">
      <UniqueIdentifier>{d5bae526-b264-4877-9b3a-917cb35db670}</UniqueIdentifier>
    </Filter>
    <Filter Include="Environment">
      <UniqueIdentifier>{f7680c96-ec63-4d03-a26a-76d24ac3b556}</UniqueIdentifier>
    </Filter>
    <Filter Include="Model">
      <UniqueIdentifier>{2e612785-bbba-4b2d-95cc-539fa637d4b0}</UniqueIdentifier>
    </Filter>
    <Filter Include="Model\Fbx">
      <UniqueIdentifier>{9c6cc17d-75d9-40fa-87ec-a390e94bea75}</UniqueIdentifier>
    </Filter>
    <Filter Include="Command">
      <UniqueIdentifier>{b515d225-e43c-4c65-81af-059b5b7c90d0}</UniqueIdentifier>
    </Filter>
  </ItemGroup>
</Project>